
Microsoft Visual Studio Solution File, Format Version 12.00
# Visual Studio Version 16
VisualStudioVersion = 16.0.30804.86
MinimumVisualStudioVersion = 10.0.40219.1
Project("{9A19103F-16F7-4668-BE54-9A1E7A4F7556}") = "RemailCore.Library", "RemailCore.Library\RemailCore.Library.csproj", "{30A436CC-80CF-4DF5-B3FC-F131712A35C4}"
EndProject
Project("{9A19103F-16F7-4668-BE54-9A1E7A4F7556}") = "RemailCore.Tests", "RemailCore.Tests\RemailCore.Tests.csproj", "{04DBFD0E-18FD-4749-A28C-1B3D05FB1BE3}"
EndProject
Global
	GlobalSection(SolutionConfigurationPlatforms) = preSolution
		Debug|Any CPU = Debug|Any CPU
		Release|Any CPU = Release|Any CPU
	EndGlobalSection
	GlobalSection(ProjectConfigurationPlatforms) = postSolution
		{30A436CC-80CF-4DF5-B3FC-F131712A35C4}.Debug|Any CPU.ActiveCfg = Debug|Any CPU
		{30A436CC-80CF-4DF5-B3FC-F131712A35C4}.Debug|Any CPU.Build.0 = Debug|Any CPU
		{30A436CC-80CF-4DF5-B3FC-F131712A35C4}.Release|Any CPU.ActiveCfg = Release|Any CPU
		{30A436CC-80CF-4DF5-B3FC-F131712A35C4}.Release|Any CPU.Build.0 = Release|Any CPU
		{04DBFD0E-18FD-4749-A28C-1B3D05FB1BE3}.Debug|Any CPU.ActiveCfg = Debug|Any CPU
		{04DBFD0E-18FD-4749-A28C-1B3D05FB1BE3}.Debug|Any CPU.Build.0 = Debug|Any CPU
		{04DBFD0E-18FD-4749-A28C-1B3D05FB1BE3}.Release|Any CPU.ActiveCfg = Release|Any CPU
		{04DBFD0E-18FD-4749-A28C-1B3D05FB1BE3}.Release|Any CPU.Build.0 = Release|Any CPU
	EndGlobalSection
	GlobalSection(SolutionProperties) = preSolution
		HideSolutionNode = FALSE
	EndGlobalSection
	GlobalSection(ExtensibilityGlobals) = postSolution
		SolutionGuid = {37A18CAB-9F51-4ABD-B53B-FBC1A71F8661}
	EndGlobalSection
EndGlobal
